
Microsoft Visual Studio Solution File, Format Version 12.00
# Visual Studio 15
Project("{FAE04EC0-301F-11D3-BF4B-00C04F79EFBC}") = "13_Properties", "13_Properties\13_Properties.csproj", "{AEDCC2BF-7442-41F7-84DA-C131FC63CA4A}"
EndProject
Global
	GlobalSection(SolutionConfigurationPlatforms) = preSolution
		Debug|Any CPU = Debug|Any CPU
		Release|Any CPU = Release|Any CPU
	EndGlobalSection
	GlobalSection(ProjectConfigurationPlatforms) = postSolution
		{AEDCC2BF-7442-41F7-84DA-C131FC63CA4A}.Debug|Any CPU.ActiveCfg = Debug|Any CPU
		{AEDCC2BF-7442-41F7-84DA-C131FC63CA4A}.Debug|Any CPU.Build.0 = Debug|Any CPU
		{AEDCC2BF-7442-41F7-84DA-C131FC63CA4A}.Release|Any CPU.ActiveCfg = Release|Any CPU
		{AEDCC2BF-7442-41F7-84DA-C131FC63CA4A}.Release|Any CPU.Build.0 = Release|Any CPU
	EndGlobalSection
EndGlobal
