
Microsoft Visual Studio Solution File, Format Version 12.00
# Visual Studio 15
Project("{FAE04EC0-301F-11D3-BF4B-00C04F79EFBC}") = "25_BoxingAndUnboxingDEMO", "25_BoxingAndUnboxingDEMO\25_BoxingAndUnboxingDEMO.csproj", "{073D04D2-ABEA-405C-8ED6-C219B603176B}"
EndProject
Global
	GlobalSection(SolutionConfigurationPlatforms) = preSolution
		Debug|Any CPU = Debug|Any CPU
		Release|Any CPU = Release|Any CPU
	EndGlobalSection
	GlobalSection(ProjectConfigurationPlatforms) = postSolution
		{073D04D2-ABEA-405C-8ED6-C219B603176B}.Debug|Any CPU.ActiveCfg = Debug|Any CPU
		{073D04D2-ABEA-405C-8ED6-C219B603176B}.Debug|Any CPU.Build.0 = Debug|Any CPU
		{073D04D2-ABEA-405C-8ED6-C219B603176B}.Release|Any CPU.ActiveCfg = Release|Any CPU
		{073D04D2-ABEA-405C-8ED6-C219B603176B}.Release|Any CPU.Build.0 = Release|Any CPU
	EndGlobalSection
EndGlobal
